// !$*UTF8*$!
{
	archiveVersion = 1;
	classes = {
	};
	objectVersion = 56;
	objects = {

/* Begin PBXBuildFile section */
		16F5212CCC8CFB60EF9DAE26 /* Pods_DemoMenu.framework in Frameworks */ = {isa = PBXBuildFile; fileRef = 16FF36B0E6EA4B865296506F /* Pods_DemoMenu.framework */; };
		48AF3D29296D3A3E006FF219 /* AppDelegate.swift in Sources */ = {isa = PBXBuildFile; fileRef = 48AF3D28296D3A3E006FF219 /* AppDelegate.swift */; };
		48AF3D2B296D3A3E006FF219 /* SceneDelegate.swift in Sources */ = {isa = PBXBuildFile; fileRef = 48AF3D2A296D3A3E006FF219 /* SceneDelegate.swift */; };
		48AF3D30296D3A3E006FF219 /* Drawers.storyboard in Resources */ = {isa = PBXBuildFile; fileRef = 48AF3D2E296D3A3E006FF219 /* Drawers.storyboard */; };
		48AF3D32296D3A3E006FF219 /* Assets.xcassets in Resources */ = {isa = PBXBuildFile; fileRef = 48AF3D31296D3A3E006FF219 /* Assets.xcassets */; };
		48AF3D35296D3A3E006FF219 /* LaunchScreen.storyboard in Resources */ = {isa = PBXBuildFile; fileRef = 48AF3D33296D3A3E006FF219 /* LaunchScreen.storyboard */; };
		48AF3D3F296D3AE9006FF219 /* KGDrawerSettingsTableViewController.swift in Sources */ = {isa = PBXBuildFile; fileRef = 48AF3D3C296D3AE9006FF219 /* KGDrawerSettingsTableViewController.swift */; };
		48AF3D40296D3AE9006FF219 /* KGDrawerWebViewViewController.swift in Sources */ = {isa = PBXBuildFile; fileRef = 48AF3D3D296D3AE9006FF219 /* KGDrawerWebViewViewController.swift */; };
		48AF3D41296D3AE9006FF219 /* LeftDrawerTableViewController.swift in Sources */ = {isa = PBXBuildFile; fileRef = 48AF3D3E296D3AE9006FF219 /* LeftDrawerTableViewController.swift */; };
/* End PBXBuildFile section */

/* Begin PBXFileReference section */
		16FF36B0E6EA4B865296506F /* Pods_DemoMenu.framework */ = {isa = PBXFileReference; explicitFileType = wrapper.framework; includeInIndex = 0; path = Pods_DemoMenu.framework; sourceTree = BUILT_PRODUCTS_DIR; };
		48AF3D25296D3A3E006FF219 /* DemoMenu.app */ = {isa = PBXFileReference; explicitFileType = wrapper.application; includeInIndex = 0; path = DemoMenu.app; sourceTree = BUILT_PRODUCTS_DIR; };
		48AF3D28296D3A3E006FF219 /* AppDelegate.swift */ = {isa = PBXFileReference; lastKnownFileType = sourcecode.swift; path = AppDelegate.swift; sourceTree = "<group>"; };
		48AF3D2A296D3A3E006FF219 /* SceneDelegate.swift */ = {isa = PBXFileReference; lastKnownFileType = sourcecode.swift; path = SceneDelegate.swift; sourceTree = "<group>"; };
		48AF3D2F296D3A3E006FF219 /* Base */ = {isa = PBXFileReference; lastKnownFileType = file.storyboard; name = Base; path = Base.lproj/Drawers.storyboard; sourceTree = "<group>"; };
		48AF3D31296D3A3E006FF219 /* Assets.xcassets */ = {isa = PBXFileReference; lastKnownFileType = folder.assetcatalog; path = Assets.xcassets; sourceTree = "<group>"; };
		48AF3D34296D3A3E006FF219 /* Base */ = {isa = PBXFileReference; lastKnownFileType = file.storyboard; name = Base; path = Base.lproj/LaunchScreen.storyboard; sourceTree = "<group>"; };
		48AF3D36296D3A3E006FF219 /* Info.plist */ = {isa = PBXFileReference; lastKnownFileType = text.plist.xml; path = Info.plist; sourceTree = "<group>"; };
		48AF3D3C296D3AE9006FF219 /* KGDrawerSettingsTableViewController.swift */ = {isa = PBXFileReference; fileEncoding = 4; lastKnownFileType = sourcecode.swift; path = KGDrawerSettingsTableViewController.swift; sourceTree = "<group>"; };
		48AF3D3D296D3AE9006FF219 /* KGDrawerWebViewViewController.swift */ = {isa = PBXFileReference; fileEncoding = 4; lastKnownFileType = sourcecode.swift; path = KGDrawerWebViewViewController.swift; sourceTree = "<group>"; };
		48AF3D3E296D3AE9006FF219 /* LeftDrawerTableViewController.swift */ = {isa = PBXFileReference; fileEncoding = 4; lastKnownFileType = sourcecode.swift; path = LeftDrawerTableViewController.swift; sourceTree = "<group>"; };
		E2F3239B2650BE09E9C3A21A /* Pods-DemoMenu.debug.xcconfig */ = {isa = PBXFileReference; includeInIndex = 1; lastKnownFileType = text.xcconfig; name = "Pods-DemoMenu.debug.xcconfig"; path = "Target Support Files/Pods-DemoMenu/Pods-DemoMenu.debug.xcconfig"; sourceTree = "<group>"; };
		ED381B26CE66E05650247316 /* Pods-DemoMenu.release.xcconfig */ = {isa = PBXFileReference; includeInIndex = 1; lastKnownFileType = text.xcconfig; name = "Pods-DemoMenu.release.xcconfig"; path = "Target Support Files/Pods-DemoMenu/Pods-DemoMenu.release.xcconfig"; sourceTree = "<group>"; };
/* End PBXFileReference section */

/* Begin PBXFrameworksBuildPhase section */
		48AF3D22296D3A3E006FF219 /* Frameworks */ = {
			isa = PBXFrameworksBuildPhase;
			buildActionMask = 2147483647;
			files = (
				16F5212CCC8CFB60EF9DAE26 /* Pods_DemoMenu.framework in Frameworks */,
			);
			runOnlyForDeploymentPostprocessing = 0;
		};
/* End PBXFrameworksBuildPhase section */

/* Begin PBXGroup section */
		024E4BD3951A850B5FF92015 /* Pods */ = {
			isa = PBXGroup;
			children = (
				E2F3239B2650BE09E9C3A21A /* Pods-DemoMenu.debug.xcconfig */,
				ED381B26CE66E05650247316 /* Pods-DemoMenu.release.xcconfig */,
			);
			path = Pods;
			sourceTree = "<group>";
		};
		48AF3D1C296D3A3D006FF219 = {
			isa = PBXGroup;
			children = (
				48AF3D27296D3A3E006FF219 /* DemoMenu */,
				48AF3D26296D3A3E006FF219 /* Products */,
				024E4BD3951A850B5FF92015 /* Pods */,
				5C31657A8BF942D6749A3065 /* Frameworks */,
			);
			sourceTree = "<group>";
		};
		48AF3D26296D3A3E006FF219 /* Products */ = {
			isa = PBXGroup;
			children = (
				48AF3D25296D3A3E006FF219 /* DemoMenu.app */,
			);
			name = Products;
			sourceTree = "<group>";
		};
		48AF3D27296D3A3E006FF219 /* DemoMenu */ = {
			isa = PBXGroup;
			children = (
				48AF3D28296D3A3E006FF219 /* AppDelegate.swift */,
				48AF3D2A296D3A3E006FF219 /* SceneDelegate.swift */,
				48AF3D2E296D3A3E006FF219 /* Drawers.storyboard */,
				48AF3D3C296D3AE9006FF219 /* KGDrawerSettingsTableViewController.swift */,
				48AF3D3D296D3AE9006FF219 /* KGDrawerWebViewViewController.swift */,
				48AF3D3E296D3AE9006FF219 /* LeftDrawerTableViewController.swift */,
				48AF3D31296D3A3E006FF219 /* Assets.xcassets */,
				48AF3D33296D3A3E006FF219 /* LaunchScreen.storyboard */,
				48AF3D36296D3A3E006FF219 /* Info.plist */,
			);
			path = DemoMenu;
			sourceTree = "<group>";
		};
		5C31657A8BF942D6749A3065 /* Frameworks */ = {
			isa = PBXGroup;
			children = (
				16FF36B0E6EA4B865296506F /* Pods_DemoMenu.framework */,
			);
			name = Frameworks;
			sourceTree = "<group>";
		};
/* End PBXGroup section */

/* Begin PBXNativeTarget section */
		48AF3D24296D3A3E006FF219 /* DemoMenu */ = {
			isa = PBXNativeTarget;
			buildConfigurationList = 48AF3D39296D3A3E006FF219 /* Build configuration list for PBXNativeTarget "DemoMenu" */;
			buildPhases = (
				F1C7694E8B0C27BB9A4B40FF /* [CP] Check Pods Manifest.lock */,
				48AF3D21296D3A3E006FF219 /* Sources */,
				48AF3D22296D3A3E006FF219 /* Frameworks */,
				48AF3D23296D3A3E006FF219 /* Resources */,
				64F794CD41235D74E93CF92C /* [CP] Embed Pods Frameworks */,
			);
			buildRules = (
			);
			dependencies = (
			);
			name = DemoMenu;
			productName = DemoMenu;
			productReference = 48AF3D25296D3A3E006FF219 /* DemoMenu.app */;
			productType = "com.apple.product-type.application";
		};
/* End PBXNativeTarget section */

/* Begin PBXProject section */
		48AF3D1D296D3A3D006FF219 /* Project object */ = {
			isa = PBXProject;
			attributes = {
				BuildIndependentTargetsInParallel = 1;
				LastSwiftUpdateCheck = 1420;
				LastUpgradeCheck = 1420;
				TargetAttributes = {
					48AF3D24296D3A3E006FF219 = {
						CreatedOnToolsVersion = 14.2;
					};
				};
			};
			buildConfigurationList = 48AF3D20296D3A3D006FF219 /* Build configuration list for PBXProject "DemoMenu" */;
			compatibilityVersion = "Xcode 14.0";
			developmentRegion = en;
			hasScannedForEncodings = 0;
			knownRegions = (
				en,
				Base,
			);
			mainGroup = 48AF3D1C296D3A3D006FF219;
			productRefGroup = 48AF3D26296D3A3E006FF219 /* Products */;
			projectDirPath = "";
			projectRoot = "";
			targets = (
				48AF3D24296D3A3E006FF219 /* DemoMenu */,
			);
		};
/* End PBXProject section */

/* Begin PBXResourcesBuildPhase section */
		48AF3D23296D3A3E006FF219 /* Resources */ = {
			isa = PBXResourcesBuildPhase;
			buildActionMask = 2147483647;
			files = (
				48AF3D35296D3A3E006FF219 /* LaunchScreen.storyboard in Resources */,
				48AF3D32296D3A3E006FF219 /* Assets.xcassets in Resources */,
				48AF3D30296D3A3E006FF219 /* Drawers.storyboard in Resources */,
			);
			runOnlyForDeploymentPostprocessing = 0;
		};
/* End PBXResourcesBuildPhase section */

/* Begin PBXShellScriptBuildPhase section */
		64F794CD41235D74E93CF92C /* [CP] Embed Pods Frameworks */ = {
			isa = PBXShellScriptBuildPhase;
			buildActionMask = 2147483647;
			files = (
			);
			inputFileListPaths = (
				"${PODS_ROOT}/Target Support Files/Pods-DemoMenu/Pods-DemoMenu-frameworks-${CONFIGURATION}-input-files.xcfilelist",
			);
			name = "[CP] Embed Pods Frameworks";
			outputFileListPaths = (
				"${PODS_ROOT}/Target Support Files/Pods-DemoMenu/Pods-DemoMenu-frameworks-${CONFIGURATION}-output-files.xcfilelist",
			);
			runOnlyForDeploymentPostprocessing = 0;
			shellPath = /bin/sh;
			shellScript = "\"${PODS_ROOT}/Target Support Files/Pods-DemoMenu/Pods-DemoMenu-frameworks.sh\"\n";
			showEnvVarsInLog = 0;
		};
		F1C7694E8B0C27BB9A4B40FF /* [CP] Check Pods Manifest.lock */ = {
			isa = PBXShellScriptBuildPhase;
			buildActionMask = 2147483647;
			files = (
			);
			inputFileListPaths = (
			);
			inputPaths = (
				"${PODS_PODFILE_DIR_PATH}/Podfile.lock",
				"${PODS_ROOT}/Manifest.lock",
			);
			name = "[CP] Check Pods Manifest.lock";
			outputFileListPaths = (
			);
			outputPaths = (
				"$(DERIVED_FILE_DIR)/Pods-DemoMenu-checkManifestLockResult.txt",
			);
			runOnlyForDeploymentPostprocessing = 0;
			shellPath = /bin/sh;
			shellScript = "diff \"${PODS_PODFILE_DIR_PATH}/Podfile.lock\" \"${PODS_ROOT}/Manifest.lock\" > /dev/null\nif [ $? != 0 ] ; then\n    # print error to STDERR\n    echo \"error: The sandbox is not in sync with the Podfile.lock. Run 'pod install' or update your CocoaPods installation.\" >&2\n    exit 1\nfi\n# This output is used by Xcode 'outputs' to avoid re-running this script phase.\necho \"SUCCESS\" > \"${SCRIPT_OUTPUT_FILE_0}\"\n";
			showEnvVarsInLog = 0;
		};
/* End PBXShellScriptBuildPhase section */

/* Begin PBXSourcesBuildPhase section */
		48AF3D21296D3A3E006FF219 /* Sources */ = {
			isa = PBXSourcesBuildPhase;
			buildActionMask = 2147483647;
			files = (
				48AF3D40296D3AE9006FF219 /* KGDrawerWebViewViewController.swift in Sources */,
				48AF3D29296D3A3E006FF219 /* AppDelegate.swift in Sources */,
				48AF3D2B296D3A3E006FF219 /* SceneDelegate.swift in Sources */,
				48AF3D3F296D3AE9006FF219 /* KGDrawerSettingsTableViewController.swift in Sources */,
				48AF3D41296D3AE9006FF219 /* LeftDrawerTableViewController.swift in Sources */,
			);
			runOnlyForDeploymentPostprocessing = 0;
		};
/* End PBXSourcesBuildPhase section */

/* Begin PBXVariantGroup section */
		48AF3D2E296D3A3E006FF219 /* Drawers.storyboard */ = {
			isa = PBXVariantGroup;
			children = (
				48AF3D2F296D3A3E006FF219 /* Base */,
			);
			name = Drawers.storyboard;
			sourceTree = "<group>";
		};
		48AF3D33296D3A3E006FF219 /* LaunchScreen.storyboard */ = {
			isa = PBXVariantGroup;
			children = (
				48AF3D34296D3A3E006FF219 /* Base */,
			);
			name = LaunchScreen.storyboard;
			sourceTree = "<group>";
		};
/* End PBXVariantGroup section */

/* Begin XCBuildConfiguration section */
		48AF3D37296D3A3E006FF219 /* Debug */ = {
			isa = XCBuildConfiguration;
			buildSettings = {
				ALWAYS_SEARCH_USER_PATHS = NO;
				CLANG_ANALYZER_NONNULL = YES;
				CLANG_ANALYZER_NUMBER_OBJECT_CONVERSION = YES_AGGRESSIVE;
				CLANG_CXX_LANGUAGE_STANDARD = "gnu++20";
				CLANG_ENABLE_MODULES = YES;
				CLANG_ENABLE_OBJC_ARC = YES;
				CLANG_ENABLE_OBJC_WEAK = YES;
				CLANG_WARN_BLOCK_CAPTURE_AUTORELEASING = YES;
				CLANG_WARN_BOOL_CONVERSION = YES;
				CLANG_WARN_COMMA = YES;
				CLANG_WARN_CONSTANT_CONVERSION = YES;
				CLANG_WARN_DEPRECATED_OBJC_IMPLEMENTATIONS = YES;
				CLANG_WARN_DIRECT_OBJC_ISA_USAGE = YES_ERROR;
				CLANG_WARN_DOCUMENTATION_COMMENTS = YES;
				CLANG_WARN_EMPTY_BODY = YES;
				CLANG_WARN_ENUM_CONVERSION = YES;
				CLANG_WARN_INFINITE_RECURSION = YES;
				CLANG_WARN_INT_CONVERSION = YES;
				CLANG_WARN_NON_LITERAL_NULL_CONVERSION = YES;
				CLANG_WARN_OBJC_IMPLICIT_RETAIN_SELF = YES;
				CLANG_WARN_OBJC_LITERAL_CONVERSION = YES;
				CLANG_WARN_OBJC_ROOT_CLASS = YES_ERROR;
				CLANG_WARN_QUOTED_INCLUDE_IN_FRAMEWORK_HEADER = YES;
				CLANG_WARN_RANGE_LOOP_ANALYSIS = YES;
				CLANG_WARN_STRICT_PROTOTYPES = YES;
				CLANG_WARN_SUSPICIOUS_MOVE = YES;
				CLANG_WARN_UNGUARDED_AVAILABILITY = YES_AGGRESSIVE;
				CLANG_WARN_UNREACHABLE_CODE = YES;
				CLANG_WARN__DUPLICATE_METHOD_MATCH = YES;
				COPY_PHASE_STRIP = NO;
				DEBUG_INFORMATION_FORMAT = dwarf;
				ENABLE_STRICT_OBJC_MSGSEND = YES;
				ENABLE_TESTABILITY = YES;
				GCC_C_LANGUAGE_STANDARD = gnu11;
				GCC_DYNAMIC_NO_PIC = NO;
				GCC_NO_COMMON_BLOCKS = YES;
				GCC_OPTIMIZATION_LEVEL = 0;
				GCC_PREPROCESSOR_DEFINITIONS = (
					"DEBUG=1",
					"$(inherited)",
				);
				GCC_WARN_64_TO_32_BIT_CONVERSION = YES;
				GCC_WARN_ABOUT_RETURN_TYPE = YES_ERROR;
				GCC_WARN_UNDECLARED_SELECTOR = YES;
				GCC_WARN_UNINITIALIZED_AUTOS = YES_AGGRESSIVE;
				GCC_WARN_UNUSED_FUNCTION = YES;
				GCC_WARN_UNUSED_VARIABLE = YES;
				IPHONEOS_DEPLOYMENT_TARGET = 15.0;
				MTL_ENABLE_DEBUG_INFO = INCLUDE_SOURCE;
				MTL_FAST_MATH = YES;
				ONLY_ACTIVE_ARCH = YES;
				SDKROOT = iphoneos;
				SWIFT_ACTIVE_COMPILATION_CONDITIONS = DEBUG;
				SWIFT_OPTIMIZATION_LEVEL = "-Onone";
			};
			name = Debug;
		};
		48AF3D38296D3A3E006FF219 /* Release */ = {
			isa = XCBuildConfiguration;
			buildSettings = {
				ALWAYS_SEARCH_USER_PATHS = NO;
				CLANG_ANALYZER_NONNULL = YES;
				CLANG_ANALYZER_NUMBER_OBJECT_CONVERSION = YES_AGGRESSIVE;
				CLANG_CXX_LANGUAGE_STANDARD = "gnu++20";
				CLANG_ENABLE_MODULES = YES;
				CLANG_ENABLE_OBJC_ARC = YES;
				CLANG_ENABLE_OBJC_WEAK = YES;
				CLANG_WARN_BLOCK_CAPTURE_AUTORELEASING = YES;
				CLANG_WARN_BOOL_CONVERSION = YES;
				CLANG_WARN_COMMA = YES;
				CLANG_WARN_CONSTANT_CONVERSION = YES;
				CLANG_WARN_DEPRECATED_OBJC_IMPLEMENTATIONS = YES;
				CLANG_WARN_DIRECT_OBJC_ISA_USAGE = YES_ERROR;
				CLANG_WARN_DOCUMENTATION_COMMENTS = YES;
				CLANG_WARN_EMPTY_BODY = YES;
				CLANG_WARN_ENUM_CONVERSION = YES;
				CLANG_WARN_INFINITE_RECURSION = YES;
				CLANG_WARN_INT_CONVERSION = YES;
				CLANG_WARN_NON_LITERAL_NULL_CONVERSION = YES;
				CLANG_WARN_OBJC_IMPLICIT_RETAIN_SELF = YES;
				CLANG_WARN_OBJC_LITERAL_CONVERSION = YES;
				CLANG_WARN_OBJC_ROOT_CLASS = YES_ERROR;
				CLANG_WARN_QUOTED_INCLUDE_IN_FRAMEWORK_HEADER = YES;
				CLANG_WARN_RANGE_LOOP_ANALYSIS = YES;
				CLANG_WARN_STRICT_PROTOTYPES = YES;
				CLANG_WARN_SUSPICIOUS_MOVE = YES;
				CLANG_WARN_UNGUARDED_AVAILABILITY = YES_AGGRESSIVE;
				CLANG_WARN_UNREACHABLE_CODE = YES;
				CLANG_WARN__DUPLICATE_METHOD_MATCH = YES;
				COPY_PHASE_STRIP = NO;
				DEBUG_INFORMATION_FORMAT = "dwarf-with-dsym";
				ENABLE_NS_ASSERTIONS = NO;
				ENABLE_STRICT_OBJC_MSGSEND = YES;
				GCC_C_LANGUAGE_STANDARD = gnu11;
				GCC_NO_COMMON_BLOCKS = YES;
				GCC_WARN_64_TO_32_BIT_CONVERSION = YES;
				GCC_WARN_ABOUT_RETURN_TYPE = YES_ERROR;
				GCC_WARN_UNDECLARED_SELECTOR = YES;
				GCC_WARN_UNINITIALIZED_AUTOS = YES_AGGRESSIVE;
				GCC_WARN_UNUSED_FUNCTION = YES;
				GCC_WARN_UNUSED_VARIABLE = YES;
				IPHONEOS_DEPLOYMENT_TARGET = 15.0;
				MTL_ENABLE_DEBUG_INFO = NO;
				MTL_FAST_MATH = YES;
				SDKROOT = iphoneos;
				SWIFT_COMPILATION_MODE = wholemodule;
				SWIFT_OPTIMIZATION_LEVEL = "-O";
				VALIDATE_PRODUCT = YES;
			};
			name = Release;
		};
		48AF3D3A296D3A3E006FF219 /* Debug */ = {
			isa = XCBuildConfiguration;
			baseConfigurationReference = E2F3239B2650BE09E9C3A21A /* Pods-DemoMenu.debug.xcconfig */;
			buildSettings = {
				ASSETCATALOG_COMPILER_APPICON_NAME = AppIcon;
				ASSETCATALOG_COMPILER_GLOBAL_ACCENT_COLOR_NAME = AccentColor;
				CODE_SIGN_STYLE = Automatic;
				CURRENT_PROJECT_VERSION = 1;
				GENERATE_INFOPLIST_FILE = YES;
				INFOPLIST_FILE = DemoMenu/Info.plist;
				INFOPLIST_KEY_UIApplicationSupportsIndirectInputEvents = YES;
				INFOPLIST_KEY_UILaunchStoryboardName = LaunchScreen;
				INFOPLIST_KEY_UIMainStoryboardFile = Drawers;
				INFOPLIST_KEY_UISupportedInterfaceOrientations_iPad = "UIInterfaceOrientationPortrait UIInterfaceOrientationPortraitUpsideDown UIInterfaceOrientationLandscapeLeft UIInterfaceOrientationLandscapeRight";
				INFOPLIST_KEY_UISupportedInterfaceOrientations_iPhone = "UIInterfaceOrientationPortrait UIInterfaceOrientationLandscapeLeft UIInterfaceOrientationLandscapeRight";
				IPHONEOS_DEPLOYMENT_TARGET = 15.0;
				LD_RUNPATH_SEARCH_PATHS = (
					"$(inherited)",
					"@executable_path/Frameworks",
				);
				MARKETING_VERSION = 1.0;
				PRODUCT_BUNDLE_IDENTIFIER = com.BMITS.BCart.DemoMenu;
				PRODUCT_NAME = "$(TARGET_NAME)";
				SWIFT_EMIT_LOC_STRINGS = YES;
				SWIFT_VERSION = 5.0;
				TARGETED_DEVICE_FAMILY = "1,2";
			};
			name = Debug;
		};
		48AF3D3B296D3A3E006FF219 /* Release */ = {
			isa = XCBuildConfiguration;
			baseConfigurationReference = ED381B26CE66E05650247316 /* Pods-DemoMenu.release.xcconfig */;
			buildSettings = {
				ASSETCATALOG_COMPILER_APPICON_NAME = AppIcon;
				ASSETCATALOG_COMPILER_GLOBAL_ACCENT_COLOR_NAME = AccentColor;
				CODE_SIGN_STYLE = Automatic;
				CURRENT_PROJECT_VERSION = 1;
				GENERATE_INFOPLIST_FILE = YES;
				INFOPLIST_FILE = DemoMenu/Info.plist;
				INFOPLIST_KEY_UIApplicationSupportsIndirectInputEvents = YES;
				INFOPLIST_KEY_UILaunchStoryboardName = LaunchScreen;
				INFOPLIST_KEY_UIMainStoryboardFile = Drawers;
				INFOPLIST_KEY_UISupportedInterfaceOrientations_iPad = "UIInterfaceOrientationPortrait UIInterfaceOrientationPortraitUpsideDown UIInterfaceOrientationLandscapeLeft UIInterfaceOrientationLandscapeRight";
				INFOPLIST_KEY_UISupportedInterfaceOrientations_iPhone = "UIInterfaceOrientationPortrait UIInterfaceOrientationLandscapeLeft UIInterfaceOrientationLandscapeRight";
				IPHONEOS_DEPLOYMENT_TARGET = 15.0;
				LD_RUNPATH_SEARCH_PATHS = (
					"$(inherited)",
					"@executable_path/Frameworks",
				);
				MARKETING_VERSION = 1.0;
				PRODUCT_BUNDLE_IDENTIFIER = com.BMITS.BCart.DemoMenu;
				PRODUCT_NAME = "$(TARGET_NAME)";
				SWIFT_EMIT_LOC_STRINGS = YES;
				SWIFT_VERSION = 5.0;
				TARGETED_DEVICE_FAMILY = "1,2";
			};
			name = Release;
		};
/* End XCBuildConfiguration section */

/* Begin XCConfigurationList section */
		48AF3D20296D3A3D006FF219 /* Build configuration list for PBXProject "DemoMenu" */ = {
			isa = XCConfigurationList;
			buildConfigurations = (
				48AF3D37296D3A3E006FF219 /* Debug */,
				48AF3D38296D3A3E006FF219 /* Release */,
			);
			defaultConfigurationIsVisible = 0;
			defaultConfigurationName = Release;
		};
		48AF3D39296D3A3E006FF219 /* Build configuration list for PBXNativeTarget "DemoMenu" */ = {
			isa = XCConfigurationList;
			buildConfigurations = (
				48AF3D3A296D3A3E006FF219 /* Debug */,
				48AF3D3B296D3A3E006FF219 /* Release */,
			);
			defaultConfigurationIsVisible = 0;
			defaultConfigurationName = Release;
		};
/* End XCConfigurationList section */
	};
	rootObject = 48AF3D1D296D3A3D006FF219 /* Project object */;
}
